
Microsoft Visual Studio Solution File, Format Version 12.00
# Visual Studio 2012
Project("{FAE04EC0-301F-11D3-BF4B-00C04F79EFBC}") = "EZAudioBinding", "EZAudioBinding\EZAudioBinding.csproj", "{3B122537-1F6B-47C0-9615-205354730FC1}"
EndProject
Global
	GlobalSection(SolutionConfigurationPlatforms) = preSolution
		Debug|Any CPU = Debug|Any CPU
		Release|Any CPU = Release|Any CPU
	EndGlobalSection
	GlobalSection(ProjectConfigurationPlatforms) = postSolution
		{3B122537-1F6B-47C0-9615-205354730FC1}.Debug|Any CPU.ActiveCfg = Debug|Any CPU
		{3B122537-1F6B-47C0-9615-205354730FC1}.Debug|Any CPU.Build.0 = Debug|Any CPU
		{3B122537-1F6B-47C0-9615-205354730FC1}.Release|Any CPU.ActiveCfg = Release|Any CPU
		{3B122537-1F6B-47C0-9615-205354730FC1}.Release|Any CPU.Build.0 = Release|Any CPU
	EndGlobalSection
EndGlobal
